
Microsoft Visual Studio Solution File, Format Version 12.00
# Visual Studio Version 17
VisualStudioVersion = 17.5.002.0
MinimumVisualStudioVersion = 10.0.40219.1
Project("{9A19103F-16F7-4668-BE54-9A1E7A4F7556}") = "Employee-management", "Employee-management\Employee-management.csproj", "{34EC0A85-5902-405B-9C03-D533FEBF0893}"
EndProject
Global
	GlobalSection(SolutionConfigurationPlatforms) = preSolution
		Debug|Any CPU = Debug|Any CPU
		Release|Any CPU = Release|Any CPU
	EndGlobalSection
	GlobalSection(ProjectConfigurationPlatforms) = postSolution
		{34EC0A85-5902-405B-9C03-D533FEBF0893}.Debug|Any CPU.ActiveCfg = Debug|Any CPU
		{34EC0A85-5902-405B-9C03-D533FEBF0893}.Debug|Any CPU.Build.0 = Debug|Any CPU
		{34EC0A85-5902-405B-9C03-D533FEBF0893}.Release|Any CPU.ActiveCfg = Release|Any CPU
		{34EC0A85-5902-405B-9C03-D533FEBF0893}.Release|Any CPU.Build.0 = Release|Any CPU
	EndGlobalSection
	GlobalSection(SolutionProperties) = preSolution
		HideSolutionNode = FALSE
	EndGlobalSection
	GlobalSection(ExtensibilityGlobals) = postSolution
		SolutionGuid = {9E6D9E1E-38F9-4F6C-9629-1BDA2E76519A}
	EndGlobalSection
EndGlobal
